// !$*UTF8*$!
{
	archiveVersion = 1;
	classes = {
	};
	objectVersion = 48;
	objects = {

/* Begin PBXBuildFile section */
		84217AEB207606BF00EACACF /* MyView.m in Sources */ = {isa = PBXBuildFile; fileRef = 84217AEA207606BF00EACACF /* MyView.m */; };
		84BD3F3C2075123600160FB4 /* UIView+TSRotateView.m in Sources */ = {isa = PBXBuildFile; fileRef = 84BD3F3B2075123600160FB4 /* UIView+TSRotateView.m */; };
		84D219702074D66200DF38A3 /* TSView.m in Sources */ = {isa = PBXBuildFile; fileRef = 84D2196F2074D66200DF38A3 /* TSView.m */; };
		84DDF86D2072435100349211 /* AppDelegate.m in Sources */ = {isa = PBXBuildFile; fileRef = 84DDF86C2072435100349211 /* AppDelegate.m */; };
		84DDF8702072435100349211 /* TSViewController.m in Sources */ = {isa = PBXBuildFile; fileRef = 84DDF86F2072435100349211 /* TSViewController.m */; };
		84DDF8732072435100349211 /* Main.storyboard in Resources */ = {isa = PBXBuildFile; fileRef = 84DDF8712072435100349211 /* Main.storyboard */; };
		84DDF8752072435100349211 /* Assets.xcassets in Resources */ = {isa = PBXBuildFile; fileRef = 84DDF8742072435100349211 /* Assets.xcassets */; };
		84DDF8782072435100349211 /* LaunchScreen.storyboard in Resources */ = {isa = PBXBuildFile; fileRef = 84DDF8762072435100349211 /* LaunchScreen.storyboard */; };
		84DDF87B2072435100349211 /* main.m in Sources */ = {isa = PBXBuildFile; fileRef = 84DDF87A2072435100349211 /* main.m */; };
/* End PBXBuildFile section */

/* Begin PBXFileReference section */
		840873A92074AF9700190464 /* TSPrefixHeader.pch */ = {isa = PBXFileReference; lastKnownFileType = sourcecode.c.h; path = TSPrefixHeader.pch; sourceTree = "<group>"; };
		84217AE9207606BF00EACACF /* MyView.h */ = {isa = PBXFileReference; lastKnownFileType = sourcecode.c.h; path = MyView.h; sourceTree = "<group>"; };
		84217AEA207606BF00EACACF /* MyView.m */ = {isa = PBXFileReference; lastKnownFileType = sourcecode.c.objc; path = MyView.m; sourceTree = "<group>"; };
		84BD3F3A2075123600160FB4 /* UIView+TSRotateView.h */ = {isa = PBXFileReference; lastKnownFileType = sourcecode.c.h; path = "UIView+TSRotateView.h"; sourceTree = "<group>"; };
		84BD3F3B2075123600160FB4 /* UIView+TSRotateView.m */ = {isa = PBXFileReference; lastKnownFileType = sourcecode.c.objc; path = "UIView+TSRotateView.m"; sourceTree = "<group>"; };
		84D2196E2074D66200DF38A3 /* TSView.h */ = {isa = PBXFileReference; lastKnownFileType = sourcecode.c.h; path = TSView.h; sourceTree = "<group>"; };
		84D2196F2074D66200DF38A3 /* TSView.m */ = {isa = PBXFileReference; lastKnownFileType = sourcecode.c.objc; path = TSView.m; sourceTree = "<group>"; };
		84DDF8682072435100349211 /* Plexteq test.app */ = {isa = PBXFileReference; explicitFileType = wrapper.application; includeInIndex = 0; path = "Plexteq test.app"; sourceTree = BUILT_PRODUCTS_DIR; };
		84DDF86B2072435100349211 /* AppDelegate.h */ = {isa = PBXFileReference; lastKnownFileType = sourcecode.c.h; path = AppDelegate.h; sourceTree = "<group>"; };
		84DDF86C2072435100349211 /* AppDelegate.m */ = {isa = PBXFileReference; lastKnownFileType = sourcecode.c.objc; path = AppDelegate.m; sourceTree = "<group>"; };
		84DDF86E2072435100349211 /* TSViewController.h */ = {isa = PBXFileReference; lastKnownFileType = sourcecode.c.h; path = TSViewController.h; sourceTree = "<group>"; };
		84DDF86F2072435100349211 /* TSViewController.m */ = {isa = PBXFileReference; lastKnownFileType = sourcecode.c.objc; path = TSViewController.m; sourceTree = "<group>"; };
		84DDF8722072435100349211 /* Base */ = {isa = PBXFileReference; lastKnownFileType = file.storyboard; name = Base; path = Base.lproj/Main.storyboard; sourceTree = "<group>"; };
		84DDF8742072435100349211 /* Assets.xcassets */ = {isa = PBXFileReference; lastKnownFileType = folder.assetcatalog; path = Assets.xcassets; sourceTree = "<group>"; };
		84DDF8772072435100349211 /* Base */ = {isa = PBXFileReference; lastKnownFileType = file.storyboard; name = Base; path = Base.lproj/LaunchScreen.storyboard; sourceTree = "<group>"; };
		84DDF8792072435100349211 /* Info.plist */ = {isa = PBXFileReference; lastKnownFileType = text.plist.xml; path = Info.plist; sourceTree = "<group>"; };
		84DDF87A2072435100349211 /* main.m */ = {isa = PBXFileReference; lastKnownFileType = sourcecode.c.objc; path = main.m; sourceTree = "<group>"; };
/* End PBXFileReference section */

/* Begin PBXFrameworksBuildPhase section */
		84DDF8652072435100349211 /* Frameworks */ = {
			isa = PBXFrameworksBuildPhase;
			buildActionMask = 2147483647;
			files = (
			);
			runOnlyForDeploymentPostprocessing = 0;
		};
/* End PBXFrameworksBuildPhase section */

/* Begin PBXGroup section */
		84BD3F3D2075124000160FB4 /* Category */ = {
			isa = PBXGroup;
			children = (
				84BD3F3A2075123600160FB4 /* UIView+TSRotateView.h */,
				84BD3F3B2075123600160FB4 /* UIView+TSRotateView.m */,
			);
			path = Category;
			sourceTree = "<group>";
		};
		84DDF85F2072435100349211 = {
			isa = PBXGroup;
			children = (
				84DDF86A2072435100349211 /* Plexteq test */,
				84DDF8692072435100349211 /* Products */,
			);
			sourceTree = "<group>";
		};
		84DDF8692072435100349211 /* Products */ = {
			isa = PBXGroup;
			children = (
				84DDF8682072435100349211 /* Plexteq test.app */,
			);
			name = Products;
			sourceTree = "<group>";
		};
		84DDF86A2072435100349211 /* Plexteq test */ = {
			isa = PBXGroup;
			children = (
				84BD3F3D2075124000160FB4 /* Category */,
				84DDF86B2072435100349211 /* AppDelegate.h */,
				84DDF86C2072435100349211 /* AppDelegate.m */,
				84D2196E2074D66200DF38A3 /* TSView.h */,
				84D2196F2074D66200DF38A3 /* TSView.m */,
				84217AE9207606BF00EACACF /* MyView.h */,
				84217AEA207606BF00EACACF /* MyView.m */,
				84DDF86E2072435100349211 /* TSViewController.h */,
				84DDF86F2072435100349211 /* TSViewController.m */,
				84DDF8712072435100349211 /* Main.storyboard */,
				84DDF8742072435100349211 /* Assets.xcassets */,
				84DDF8762072435100349211 /* LaunchScreen.storyboard */,
				840873A92074AF9700190464 /* TSPrefixHeader.pch */,
				84DDF8792072435100349211 /* Info.plist */,
				84DDF87A2072435100349211 /* main.m */,
			);
			path = "Plexteq test";
			sourceTree = "<group>";
		};
/* End PBXGroup section */

/* Begin PBXNativeTarget section */
		84DDF8672072435100349211 /* Plexteq test */ = {
			isa = PBXNativeTarget;
			buildConfigurationList = 84DDF87E2072435100349211 /* Build configuration list for PBXNativeTarget "Plexteq test" */;
			buildPhases = (
				84DDF8642072435100349211 /* Sources */,
				84DDF8652072435100349211 /* Frameworks */,
				84DDF8662072435100349211 /* Resources */,
			);
			buildRules = (
			);
			dependencies = (
			);
			name = "Plexteq test";
			productName = "Plexteq test";
			productReference = 84DDF8682072435100349211 /* Plexteq test.app */;
			productType = "com.apple.product-type.application";
		};
/* End PBXNativeTarget section */

/* Begin PBXProject section */
		84DDF8602072435100349211 /* Project object */ = {
			isa = PBXProject;
			attributes = {
				LastUpgradeCheck = 0920;
				ORGANIZATIONNAME = "Tsvigun Aleksander";
				TargetAttributes = {
					84DDF8672072435100349211 = {
						CreatedOnToolsVersion = 9.2;
						ProvisioningStyle = Automatic;
					};
				};
			};
			buildConfigurationList = 84DDF8632072435100349211 /* Build configuration list for PBXProject "Plexteq test" */;
			compatibilityVersion = "Xcode 8.0";
			developmentRegion = en;
			hasScannedForEncodings = 0;
			knownRegions = (
				en,
				Base,
			);
			mainGroup = 84DDF85F2072435100349211;
			productRefGroup = 84DDF8692072435100349211 /* Products */;
			projectDirPath = "";
			projectRoot = "";
			targets = (
				84DDF8672072435100349211 /* Plexteq test */,
			);
		};
/* End PBXProject section */

/* Begin PBXResourcesBuildPhase section */
		84DDF8662072435100349211 /* Resources */ = {
			isa = PBXResourcesBuildPhase;
			buildActionMask = 2147483647;
			files = (
				84DDF8782072435100349211 /* LaunchScreen.storyboard in Resources */,
				84DDF8752072435100349211 /* Assets.xcassets in Resources */,
				84DDF8732072435100349211 /* Main.storyboard in Resources */,
			);
			runOnlyForDeploymentPostprocessing = 0;
		};
/* End PBXResourcesBuildPhase section */

/* Begin PBXSourcesBuildPhase section */
		84DDF8642072435100349211 /* Sources */ = {
			isa = PBXSourcesBuildPhase;
			buildActionMask = 2147483647;
			files = (
				84DDF8702072435100349211 /* TSViewController.m in Sources */,
				84BD3F3C2075123600160FB4 /* UIView+TSRotateView.m in Sources */,
				84217AEB207606BF00EACACF /* MyView.m in Sources */,
				84D219702074D66200DF38A3 /* TSView.m in Sources */,
				84DDF87B2072435100349211 /* main.m in Sources */,
				84DDF86D2072435100349211 /* AppDelegate.m in Sources */,
			);
			runOnlyForDeploymentPostprocessing = 0;
		};
/* End PBXSourcesBuildPhase section */

/* Begin PBXVariantGroup section */
		84DDF8712072435100349211 /* Main.storyboard */ = {
			isa = PBXVariantGroup;
			children = (
				84DDF8722072435100349211 /* Base */,
			);
			name = Main.storyboard;
			sourceTree = "<group>";
		};
		84DDF8762072435100349211 /* LaunchScreen.storyboard */ = {
			isa = PBXVariantGroup;
			children = (
				84DDF8772072435100349211 /* Base */,
			);
			name = LaunchScreen.storyboard;
			sourceTree = "<group>";
		};
/* End PBXVariantGroup section */

/* Begin XCBuildConfiguration section */
		84DDF87C2072435100349211 /* Debug */ = {
			isa = XCBuildConfiguration;
			buildSettings = {
				ALWAYS_SEARCH_USER_PATHS = NO;
				CLANG_ANALYZER_NONNULL = YES;
				CLANG_ANALYZER_NUMBER_OBJECT_CONVERSION = YES_AGGRESSIVE;
				CLANG_CXX_LANGUAGE_STANDARD = "gnu++14";
				CLANG_CXX_LIBRARY = "libc++";
				CLANG_ENABLE_MODULES = YES;
				CLANG_ENABLE_OBJC_ARC = YES;
				CLANG_WARN_BLOCK_CAPTURE_AUTORELEASING = YES;
				CLANG_WARN_BOOL_CONVERSION = YES;
				CLANG_WARN_COMMA = YES;
				CLANG_WARN_CONSTANT_CONVERSION = YES;
				CLANG_WARN_DIRECT_OBJC_ISA_USAGE = YES_ERROR;
				CLANG_WARN_DOCUMENTATION_COMMENTS = YES;
				CLANG_WARN_EMPTY_BODY = YES;
				CLANG_WARN_ENUM_CONVERSION = YES;
				CLANG_WARN_INFINITE_RECURSION = YES;
				CLANG_WARN_INT_CONVERSION = YES;
				CLANG_WARN_NON_LITERAL_NULL_CONVERSION = YES;
				CLANG_WARN_OBJC_LITERAL_CONVERSION = YES;
				CLANG_WARN_OBJC_ROOT_CLASS = YES_ERROR;
				CLANG_WARN_RANGE_LOOP_ANALYSIS = YES;
				CLANG_WARN_STRICT_PROTOTYPES = YES;
				CLANG_WARN_SUSPICIOUS_MOVE = YES;
				CLANG_WARN_UNGUARDED_AVAILABILITY = YES_AGGRESSIVE;
				CLANG_WARN_UNREACHABLE_CODE = YES;
				CLANG_WARN__DUPLICATE_METHOD_MATCH = YES;
				CODE_SIGN_IDENTITY = "iPhone Developer";
				COPY_PHASE_STRIP = NO;
				DEBUG_INFORMATION_FORMAT = dwarf;
				ENABLE_STRICT_OBJC_MSGSEND = YES;
				ENABLE_TESTABILITY = YES;
				GCC_C_LANGUAGE_STANDARD = gnu11;
				GCC_DYNAMIC_NO_PIC = NO;
				GCC_NO_COMMON_BLOCKS = YES;
				GCC_OPTIMIZATION_LEVEL = 0;
				GCC_PREPROCESSOR_DEFINITIONS = (
					"DEBUG=1",
					"$(inherited)",
				);
				GCC_WARN_64_TO_32_BIT_CONVERSION = YES;
				GCC_WARN_ABOUT_RETURN_TYPE = YES_ERROR;
				GCC_WARN_UNDECLARED_SELECTOR = YES;
				GCC_WARN_UNINITIALIZED_AUTOS = YES_AGGRESSIVE;
				GCC_WARN_UNUSED_FUNCTION = YES;
				GCC_WARN_UNUSED_VARIABLE = YES;
				IPHONEOS_DEPLOYMENT_TARGET = 11.2;
				MTL_ENABLE_DEBUG_INFO = YES;
				ONLY_ACTIVE_ARCH = YES;
				SDKROOT = iphoneos;
			};
			name = Debug;
		};
		84DDF87D2072435100349211 /* Release */ = {
			isa = XCBuildConfiguration;
			buildSettings = {
				ALWAYS_SEARCH_USER_PATHS = NO;
				CLANG_ANALYZER_NONNULL = YES;
				CLANG_ANALYZER_NUMBER_OBJECT_CONVERSION = YES_AGGRESSIVE;
				CLANG_CXX_LANGUAGE_STANDARD = "gnu++14";
				CLANG_CXX_LIBRARY = "libc++";
				CLANG_ENABLE_MODULES = YES;
				CLANG_ENABLE_OBJC_ARC = YES;
				CLANG_WARN_BLOCK_CAPTURE_AUTORELEASING = YES;
				CLANG_WARN_BOOL_CONVERSION = YES;
				CLANG_WARN_COMMA = YES;
				CLANG_WARN_CONSTANT_CONVERSION = YES;
				CLANG_WARN_DIRECT_OBJC_ISA_USAGE = YES_ERROR;
				CLANG_WARN_DOCUMENTATION_COMMENTS = YES;
				CLANG_WARN_EMPTY_BODY = YES;
				CLANG_WARN_ENUM_CONVERSION = YES;
				CLANG_WARN_INFINITE_RECURSION = YES;
				CLANG_WARN_INT_CONVERSION = YES;
				CLANG_WARN_NON_LITERAL_NULL_CONVERSION = YES;
				CLANG_WARN_OBJC_LITERAL_CONVERSION = YES;
				CLANG_WARN_OBJC_ROOT_CLASS = YES_ERROR;
				CLANG_WARN_RANGE_LOOP_ANALYSIS = YES;
				CLANG_WARN_STRICT_PROTOTYPES = YES;
				CLANG_WARN_SUSPICIOUS_MOVE = YES;
				CLANG_WARN_UNGUARDED_AVAILABILITY = YES_AGGRESSIVE;
				CLANG_WARN_UNREACHABLE_CODE = YES;
				CLANG_WARN__DUPLICATE_METHOD_MATCH = YES;
				CODE_SIGN_IDENTITY = "iPhone Developer";
				COPY_PHASE_STRIP = NO;
				DEBUG_INFORMATION_FORMAT = "dwarf-with-dsym";
				ENABLE_NS_ASSERTIONS = NO;
				ENABLE_STRICT_OBJC_MSGSEND = YES;
				GCC_C_LANGUAGE_STANDARD = gnu11;
				GCC_NO_COMMON_BLOCKS = YES;
				GCC_WARN_64_TO_32_BIT_CONVERSION = YES;
				GCC_WARN_ABOUT_RETURN_TYPE = YES_ERROR;
				GCC_WARN_UNDECLARED_SELECTOR = YES;
				GCC_WARN_UNINITIALIZED_AUTOS = YES_AGGRESSIVE;
				GCC_WARN_UNUSED_FUNCTION = YES;
				GCC_WARN_UNUSED_VARIABLE = YES;
				IPHONEOS_DEPLOYMENT_TARGET = 11.2;
				MTL_ENABLE_DEBUG_INFO = NO;
				SDKROOT = iphoneos;
				VALIDATE_PRODUCT = YES;
			};
			name = Release;
		};
		84DDF87F2072435100349211 /* Debug */ = {
			isa = XCBuildConfiguration;
			buildSettings = {
				ASSETCATALOG_COMPILER_APPICON_NAME = AppIcon;
				CODE_SIGN_STYLE = Automatic;
				DEVELOPMENT_TEAM = 5D7GRV784H;
				INFOPLIST_FILE = "Plexteq test/Info.plist";
				IPHONEOS_DEPLOYMENT_TARGET = 10.0;
				LD_RUNPATH_SEARCH_PATHS = "$(inherited) @executable_path/Frameworks";
				PRODUCT_BUNDLE_IDENTIFIER = "project.Plexteq-test";
				PRODUCT_NAME = "$(TARGET_NAME)";
				TARGETED_DEVICE_FAMILY = "1,2";
			};
			name = Debug;
		};
		84DDF8802072435100349211 /* Release */ = {
			isa = XCBuildConfiguration;
			buildSettings = {
				ASSETCATALOG_COMPILER_APPICON_NAME = AppIcon;
				CODE_SIGN_STYLE = Automatic;
				DEVELOPMENT_TEAM = 5D7GRV784H;
				INFOPLIST_FILE = "Plexteq test/Info.plist";
				IPHONEOS_DEPLOYMENT_TARGET = 10.0;
				LD_RUNPATH_SEARCH_PATHS = "$(inherited) @executable_path/Frameworks";
				PRODUCT_BUNDLE_IDENTIFIER = "project.Plexteq-test";
				PRODUCT_NAME = "$(TARGET_NAME)";
				TARGETED_DEVICE_FAMILY = "1,2";
			};
			name = Release;
		};
/* End XCBuildConfiguration section */

/* Begin XCConfigurationList section */
		84DDF8632072435100349211 /* Build configuration list for PBXProject "Plexteq test" */ = {
			isa = XCConfigurationList;
			buildConfigurations = (
				84DDF87C2072435100349211 /* Debug */,
				84DDF87D2072435100349211 /* Release */,
			);
			defaultConfigurationIsVisible = 0;
			defaultConfigurationName = Release;
		};
		84DDF87E2072435100349211 /* Build configuration list for PBXNativeTarget "Plexteq test" */ = {
			isa = XCConfigurationList;
			buildConfigurations = (
				84DDF87F2072435100349211 /* Debug */,
				84DDF8802072435100349211 /* Release */,
			);
			defaultConfigurationIsVisible = 0;
			defaultConfigurationName = Release;
		};
/* End XCConfigurationList section */
	};
	rootObject = 84DDF8602072435100349211 /* Project object */;
}
